
Microsoft Visual Studio Solution File, Format Version 12.00
# Visual Studio Version 16
VisualStudioVersion = 16.0.29709.97
MinimumVisualStudioVersion = 10.0.40219.1
Project("{FAE04EC0-301F-11D3-BF4B-00C04F79EFBC}") = "FrontendWpf3", "FrontendWpf3.csproj", "{7878D4D5-39CF-448F-AAAF-8E4742E4F19C}"
EndProject
Global
	GlobalSection(SolutionConfigurationPlatforms) = preSolution
		Debug|Any CPU = Debug|Any CPU
		Release|Any CPU = Release|Any CPU
	EndGlobalSection
	GlobalSection(ProjectConfigurationPlatforms) = postSolution
		{7878D4D5-39CF-448F-AAAF-8E4742E4F19C}.Debug|Any CPU.ActiveCfg = Debug|Any CPU
		{7878D4D5-39CF-448F-AAAF-8E4742E4F19C}.Debug|Any CPU.Build.0 = Debug|Any CPU
		{7878D4D5-39CF-448F-AAAF-8E4742E4F19C}.Release|Any CPU.ActiveCfg = Release|Any CPU
		{7878D4D5-39CF-448F-AAAF-8E4742E4F19C}.Release|Any CPU.Build.0 = Release|Any CPU
	EndGlobalSection
	GlobalSection(SolutionProperties) = preSolution
		HideSolutionNode = FALSE
	EndGlobalSection
	GlobalSection(ExtensibilityGlobals) = postSolution
		SolutionGuid = {175A2039-BB42-4B90-82B7-433E97495044}
	EndGlobalSection
EndGlobal
